// !$*UTF8*$!
{
	archiveVersion = 1;
	classes = {
	};
	objectVersion = 51;
	objects = {

/* Begin PBXBuildFile section */
		04E345E8560371133C6F70F8 /* Pods_Podtube_PodtubeUITests.framework in Frameworks */ = {isa = PBXBuildFile; fileRef = CFD68BF9D0604BA5EC6DABF9 /* Pods_Podtube_PodtubeUITests.framework */; };
		B838EEAF2522043500159961 /* Podcast.swift in Sources */ = {isa = PBXBuildFile; fileRef = B838EEAE2522043500159961 /* Podcast.swift */; };
		B838EEB52522049000159961 /* PodcastsSearchController.swift in Sources */ = {isa = PBXBuildFile; fileRef = B838EEB42522049000159961 /* PodcastsSearchController.swift */; };
		B83EE56E25217CCE008ECA48 /* MainTabBarController.swift in Sources */ = {isa = PBXBuildFile; fileRef = B83EE56D25217CCE008ECA48 /* MainTabBarController.swift */; };
		B850F1B0252CBB0600BED099 /* APIservice.swift in Sources */ = {isa = PBXBuildFile; fileRef = B850F1AF252CBB0600BED099 /* APIservice.swift */; };
		B8527C1D25320200008E9B5F /* Episode.swift in Sources */ = {isa = PBXBuildFile; fileRef = B8527C1C25320200008E9B5F /* Episode.swift */; };
		B8527C282532042F008E9B5F /* EpisodeCell.swift in Sources */ = {isa = PBXBuildFile; fileRef = B8527C262532042F008E9B5F /* EpisodeCell.swift */; };
		B8527C292532042F008E9B5F /* EpisodeCell.xib in Resources */ = {isa = PBXBuildFile; fileRef = B8527C272532042F008E9B5F /* EpisodeCell.xib */; };
		B8527C432534A683008E9B5F /* String.swift in Sources */ = {isa = PBXBuildFile; fileRef = B8527C422534A683008E9B5F /* String.swift */; };
		B8527C482534A729008E9B5F /* RSSFeed.swift in Sources */ = {isa = PBXBuildFile; fileRef = B8527C472534A729008E9B5F /* RSSFeed.swift */; };
		B8527C4D2534ABB4008E9B5F /* PlayersDetailsView.xib in Resources */ = {isa = PBXBuildFile; fileRef = B8527C4C2534ABB4008E9B5F /* PlayersDetailsView.xib */; };
		B8527C522534AF28008E9B5F /* PlayersDetailsview.swift in Sources */ = {isa = PBXBuildFile; fileRef = B8527C512534AF28008E9B5F /* PlayersDetailsview.swift */; };
		B8540E19251F921000D1CDFE /* AppDelegate.swift in Sources */ = {isa = PBXBuildFile; fileRef = B8540E18251F921000D1CDFE /* AppDelegate.swift */; };
		B8540E1B251F921000D1CDFE /* SceneDelegate.swift in Sources */ = {isa = PBXBuildFile; fileRef = B8540E1A251F921000D1CDFE /* SceneDelegate.swift */; };
		B8540E1D251F921000D1CDFE /* ViewController.swift in Sources */ = {isa = PBXBuildFile; fileRef = B8540E1C251F921000D1CDFE /* ViewController.swift */; };
		B8540E20251F921000D1CDFE /* Main.storyboard in Resources */ = {isa = PBXBuildFile; fileRef = B8540E1E251F921000D1CDFE /* Main.storyboard */; };
		B8540E22251F921100D1CDFE /* Assets.xcassets in Resources */ = {isa = PBXBuildFile; fileRef = B8540E21251F921100D1CDFE /* Assets.xcassets */; };
		B8540E25251F921100D1CDFE /* LaunchScreen.storyboard in Resources */ = {isa = PBXBuildFile; fileRef = B8540E23251F921100D1CDFE /* LaunchScreen.storyboard */; };
		B8540E30251F921100D1CDFE /* PodtubeTests.swift in Sources */ = {isa = PBXBuildFile; fileRef = B8540E2F251F921100D1CDFE /* PodtubeTests.swift */; };
		B8540E3B251F921100D1CDFE /* PodtubeUITests.swift in Sources */ = {isa = PBXBuildFile; fileRef = B8540E3A251F921100D1CDFE /* PodtubeUITests.swift */; };
		B856EC04252F496600F08625 /* PodcastCell.xib in Resources */ = {isa = PBXBuildFile; fileRef = B856EC03252F496600F08625 /* PodcastCell.xib */; };
		B856EC09252F4C6D00F08625 /* PodcastCell.swift in Sources */ = {isa = PBXBuildFile; fileRef = B856EC08252F4C6D00F08625 /* PodcastCell.swift */; };
		B85F17C32560346F00A8A534 /* FavoritesController.swift in Sources */ = {isa = PBXBuildFile; fileRef = B85F17C22560346F00A8A534 /* FavoritesController.swift */; };
		B87A640F252FF87A001917DD /* EpisodesController.swift in Sources */ = {isa = PBXBuildFile; fileRef = B87A640E252FF87A001917DD /* EpisodesController.swift */; };
		B8971AFD253B68EB0039C516 /* CMTime.swift in Sources */ = {isa = PBXBuildFile; fileRef = B8971AFC253B68EB0039C516 /* CMTime.swift */; };
		B8B69F4D2544FB24001CBEF6 /* PlayerDetailsView+Gestures.swift in Sources */ = {isa = PBXBuildFile; fileRef = B8B69F4C2544FB24001CBEF6 /* PlayerDetailsView+Gestures.swift */; };
		B8B69F57254508AF001CBEF6 /* UIApplication.swift in Sources */ = {isa = PBXBuildFile; fileRef = B8B69F56254508AF001CBEF6 /* UIApplication.swift */; };
		B8E837DA256F0B5C00BD8BA7 /* FavoritePodcastCell.swift in Sources */ = {isa = PBXBuildFile; fileRef = B8E837D9256F0B5C00BD8BA7 /* FavoritePodcastCell.swift */; };
		B8E837EE256F4EB500BD8BA7 /* UserDefaults.swift in Sources */ = {isa = PBXBuildFile; fileRef = B8E837ED256F4EB500BD8BA7 /* UserDefaults.swift */; };
		B8E837FD2570090D00BD8BA7 /* DownloadsController.swift in Sources */ = {isa = PBXBuildFile; fileRef = B8E837FC2570090D00BD8BA7 /* DownloadsController.swift */; };
		E8CF275EC43D11D6B7FA054B /* Pods_Podtube.framework in Frameworks */ = {isa = PBXBuildFile; fileRef = 51EF5E5A713A91691F60A712 /* Pods_Podtube.framework */; };
		F0B757D638CF9C8E6C81D16B /* Pods_PodtubeTests.framework in Frameworks */ = {isa = PBXBuildFile; fileRef = 7D0DCA08FAC9077E24D46CB0 /* Pods_PodtubeTests.framework */; };
/* End PBXBuildFile section */

/* Begin PBXContainerItemProxy section */
		B8540E2C251F921100D1CDFE /* PBXContainerItemProxy */ = {
			isa = PBXContainerItemProxy;
			containerPortal = B8540E0D251F921000D1CDFE /* Project object */;
			proxyType = 1;
			remoteGlobalIDString = B8540E14251F921000D1CDFE;
			remoteInfo = Podtube;
		};
		B8540E37251F921100D1CDFE /* PBXContainerItemProxy */ = {
			isa = PBXContainerItemProxy;
			containerPortal = B8540E0D251F921000D1CDFE /* Project object */;
			proxyType = 1;
			remoteGlobalIDString = B8540E14251F921000D1CDFE;
			remoteInfo = Podtube;
		};
/* End PBXContainerItemProxy section */

/* Begin PBXFileReference section */
		05C5D2C06E08E41829B64B28 /* Pods-Podtube-PodtubeUITests.release.xcconfig */ = {isa = PBXFileReference; includeInIndex = 1; lastKnownFileType = text.xcconfig; name = "Pods-Podtube-PodtubeUITests.release.xcconfig"; path = "Target Support Files/Pods-Podtube-PodtubeUITests/Pods-Podtube-PodtubeUITests.release.xcconfig"; sourceTree = "<group>"; };
		077F147016831B453420A1AF /* Pods-Podtube-PodtubeUITests.debug.xcconfig */ = {isa = PBXFileReference; includeInIndex = 1; lastKnownFileType = text.xcconfig; name = "Pods-Podtube-PodtubeUITests.debug.xcconfig"; path = "Target Support Files/Pods-Podtube-PodtubeUITests/Pods-Podtube-PodtubeUITests.debug.xcconfig"; sourceTree = "<group>"; };
		51EF5E5A713A91691F60A712 /* Pods_Podtube.framework */ = {isa = PBXFileReference; explicitFileType = wrapper.framework; includeInIndex = 0; path = Pods_Podtube.framework; sourceTree = BUILT_PRODUCTS_DIR; };
		72AA7585E598BB19350F02AB /* Pods-Podtube.release.xcconfig */ = {isa = PBXFileReference; includeInIndex = 1; lastKnownFileType = text.xcconfig; name = "Pods-Podtube.release.xcconfig"; path = "Target Support Files/Pods-Podtube/Pods-Podtube.release.xcconfig"; sourceTree = "<group>"; };
		7D0DCA08FAC9077E24D46CB0 /* Pods_PodtubeTests.framework */ = {isa = PBXFileReference; explicitFileType = wrapper.framework; includeInIndex = 0; path = Pods_PodtubeTests.framework; sourceTree = BUILT_PRODUCTS_DIR; };
		9C5D5193C244399A8A4619AE /* Pods-Podtube.debug.xcconfig */ = {isa = PBXFileReference; includeInIndex = 1; lastKnownFileType = text.xcconfig; name = "Pods-Podtube.debug.xcconfig"; path = "Target Support Files/Pods-Podtube/Pods-Podtube.debug.xcconfig"; sourceTree = "<group>"; };
		B838EEAE2522043500159961 /* Podcast.swift */ = {isa = PBXFileReference; lastKnownFileType = sourcecode.swift; path = Podcast.swift; sourceTree = "<group>"; };
		B838EEB42522049000159961 /* PodcastsSearchController.swift */ = {isa = PBXFileReference; lastKnownFileType = sourcecode.swift; path = PodcastsSearchController.swift; sourceTree = "<group>"; };
		B83EE56D25217CCE008ECA48 /* MainTabBarController.swift */ = {isa = PBXFileReference; lastKnownFileType = sourcecode.swift; path = MainTabBarController.swift; sourceTree = "<group>"; };
		B850F1AF252CBB0600BED099 /* APIservice.swift */ = {isa = PBXFileReference; lastKnownFileType = sourcecode.swift; path = APIservice.swift; sourceTree = "<group>"; };
		B8527C1C25320200008E9B5F /* Episode.swift */ = {isa = PBXFileReference; lastKnownFileType = sourcecode.swift; path = Episode.swift; sourceTree = "<group>"; };
		B8527C262532042F008E9B5F /* EpisodeCell.swift */ = {isa = PBXFileReference; lastKnownFileType = sourcecode.swift; path = EpisodeCell.swift; sourceTree = "<group>"; };
		B8527C272532042F008E9B5F /* EpisodeCell.xib */ = {isa = PBXFileReference; lastKnownFileType = file.xib; path = EpisodeCell.xib; sourceTree = "<group>"; };
		B8527C422534A683008E9B5F /* String.swift */ = {isa = PBXFileReference; lastKnownFileType = sourcecode.swift; path = String.swift; sourceTree = "<group>"; };
		B8527C472534A729008E9B5F /* RSSFeed.swift */ = {isa = PBXFileReference; lastKnownFileType = sourcecode.swift; path = RSSFeed.swift; sourceTree = "<group>"; };
		B8527C4C2534ABB4008E9B5F /* PlayersDetailsView.xib */ = {isa = PBXFileReference; lastKnownFileType = file.xib; path = PlayersDetailsView.xib; sourceTree = "<group>"; };
		B8527C512534AF28008E9B5F /* PlayersDetailsview.swift */ = {isa = PBXFileReference; lastKnownFileType = sourcecode.swift; path = PlayersDetailsview.swift; sourceTree = "<group>"; };
		B8540E15251F921000D1CDFE /* Podtube.app */ = {isa = PBXFileReference; explicitFileType = wrapper.application; includeInIndex = 0; path = Podtube.app; sourceTree = BUILT_PRODUCTS_DIR; };
		B8540E18251F921000D1CDFE /* AppDelegate.swift */ = {isa = PBXFileReference; lastKnownFileType = sourcecode.swift; path = AppDelegate.swift; sourceTree = "<group>"; };
		B8540E1A251F921000D1CDFE /* SceneDelegate.swift */ = {isa = PBXFileReference; lastKnownFileType = sourcecode.swift; path = SceneDelegate.swift; sourceTree = "<group>"; };
		B8540E1C251F921000D1CDFE /* ViewController.swift */ = {isa = PBXFileReference; lastKnownFileType = sourcecode.swift; path = ViewController.swift; sourceTree = "<group>"; };
		B8540E1F251F921000D1CDFE /* Base */ = {isa = PBXFileReference; lastKnownFileType = file.storyboard; name = Base; path = Base.lproj/Main.storyboard; sourceTree = "<group>"; };
		B8540E21251F921100D1CDFE /* Assets.xcassets */ = {isa = PBXFileReference; lastKnownFileType = folder.assetcatalog; path = Assets.xcassets; sourceTree = "<group>"; };
		B8540E24251F921100D1CDFE /* Base */ = {isa = PBXFileReference; lastKnownFileType = file.storyboard; name = Base; path = Base.lproj/LaunchScreen.storyboard; sourceTree = "<group>"; };
		B8540E26251F921100D1CDFE /* Info.plist */ = {isa = PBXFileReference; lastKnownFileType = text.plist.xml; path = Info.plist; sourceTree = "<group>"; };
		B8540E2B251F921100D1CDFE /* PodtubeTests.xctest */ = {isa = PBXFileReference; explicitFileType = wrapper.cfbundle; includeInIndex = 0; path = PodtubeTests.xctest; sourceTree = BUILT_PRODUCTS_DIR; };
		B8540E2F251F921100D1CDFE /* PodtubeTests.swift */ = {isa = PBXFileReference; lastKnownFileType = sourcecode.swift; path = PodtubeTests.swift; sourceTree = "<group>"; };
		B8540E31251F921100D1CDFE /* Info.plist */ = {isa = PBXFileReference; lastKnownFileType = text.plist.xml; path = Info.plist; sourceTree = "<group>"; };
		B8540E36251F921100D1CDFE /* PodtubeUITests.xctest */ = {isa = PBXFileReference; explicitFileType = wrapper.cfbundle; includeInIndex = 0; path = PodtubeUITests.xctest; sourceTree = BUILT_PRODUCTS_DIR; };
		B8540E3A251F921100D1CDFE /* PodtubeUITests.swift */ = {isa = PBXFileReference; lastKnownFileType = sourcecode.swift; path = PodtubeUITests.swift; sourceTree = "<group>"; };
		B8540E3C251F921100D1CDFE /* Info.plist */ = {isa = PBXFileReference; lastKnownFileType = text.plist.xml; path = Info.plist; sourceTree = "<group>"; };
		B856EC03252F496600F08625 /* PodcastCell.xib */ = {isa = PBXFileReference; lastKnownFileType = file.xib; path = PodcastCell.xib; sourceTree = "<group>"; };
		B856EC08252F4C6D00F08625 /* PodcastCell.swift */ = {isa = PBXFileReference; lastKnownFileType = sourcecode.swift; path = PodcastCell.swift; sourceTree = "<group>"; };
		B85F17C22560346F00A8A534 /* FavoritesController.swift */ = {isa = PBXFileReference; lastKnownFileType = sourcecode.swift; path = FavoritesController.swift; sourceTree = "<group>"; };
		B87A640E252FF87A001917DD /* EpisodesController.swift */ = {isa = PBXFileReference; lastKnownFileType = sourcecode.swift; path = EpisodesController.swift; sourceTree = "<group>"; };
		B8971AFC253B68EB0039C516 /* CMTime.swift */ = {isa = PBXFileReference; lastKnownFileType = sourcecode.swift; path = CMTime.swift; sourceTree = "<group>"; };
		B8B69F4C2544FB24001CBEF6 /* PlayerDetailsView+Gestures.swift */ = {isa = PBXFileReference; lastKnownFileType = sourcecode.swift; path = "PlayerDetailsView+Gestures.swift"; sourceTree = "<group>"; };
		B8B69F56254508AF001CBEF6 /* UIApplication.swift */ = {isa = PBXFileReference; lastKnownFileType = sourcecode.swift; path = UIApplication.swift; sourceTree = "<group>"; };
		B8E837D9256F0B5C00BD8BA7 /* FavoritePodcastCell.swift */ = {isa = PBXFileReference; lastKnownFileType = sourcecode.swift; path = FavoritePodcastCell.swift; sourceTree = "<group>"; };
		B8E837ED256F4EB500BD8BA7 /* UserDefaults.swift */ = {isa = PBXFileReference; lastKnownFileType = sourcecode.swift; path = UserDefaults.swift; sourceTree = "<group>"; };
		B8E837FC2570090D00BD8BA7 /* DownloadsController.swift */ = {isa = PBXFileReference; lastKnownFileType = sourcecode.swift; path = DownloadsController.swift; sourceTree = "<group>"; };
		BDDC77386051A4B5A8BCF4DE /* Pods-PodtubeTests.release.xcconfig */ = {isa = PBXFileReference; includeInIndex = 1; lastKnownFileType = text.xcconfig; name = "Pods-PodtubeTests.release.xcconfig"; path = "Target Support Files/Pods-PodtubeTests/Pods-PodtubeTests.release.xcconfig"; sourceTree = "<group>"; };
		CFD68BF9D0604BA5EC6DABF9 /* Pods_Podtube_PodtubeUITests.framework */ = {isa = PBXFileReference; explicitFileType = wrapper.framework; includeInIndex = 0; path = Pods_Podtube_PodtubeUITests.framework; sourceTree = BUILT_PRODUCTS_DIR; };
		EB11014529AD5351926EC54E /* Pods-PodtubeTests.debug.xcconfig */ = {isa = PBXFileReference; includeInIndex = 1; lastKnownFileType = text.xcconfig; name = "Pods-PodtubeTests.debug.xcconfig"; path = "Target Support Files/Pods-PodtubeTests/Pods-PodtubeTests.debug.xcconfig"; sourceTree = "<group>"; };
/* End PBXFileReference section */

/* Begin PBXFrameworksBuildPhase section */
		B8540E12251F921000D1CDFE /* Frameworks */ = {
			isa = PBXFrameworksBuildPhase;
			buildActionMask = 2147483647;
			files = (
				E8CF275EC43D11D6B7FA054B /* Pods_Podtube.framework in Frameworks */,
			);
			runOnlyForDeploymentPostprocessing = 0;
		};
		B8540E28251F921100D1CDFE /* Frameworks */ = {
			isa = PBXFrameworksBuildPhase;
			buildActionMask = 2147483647;
			files = (
				F0B757D638CF9C8E6C81D16B /* Pods_PodtubeTests.framework in Frameworks */,
			);
			runOnlyForDeploymentPostprocessing = 0;
		};
		B8540E33251F921100D1CDFE /* Frameworks */ = {
			isa = PBXFrameworksBuildPhase;
			buildActionMask = 2147483647;
			files = (
				04E345E8560371133C6F70F8 /* Pods_Podtube_PodtubeUITests.framework in Frameworks */,
			);
			runOnlyForDeploymentPostprocessing = 0;
		};
/* End PBXFrameworksBuildPhase section */

/* Begin PBXGroup section */
		61013AF26E8EC7F875CDDC57 /* Frameworks */ = {
			isa = PBXGroup;
			children = (
				51EF5E5A713A91691F60A712 /* Pods_Podtube.framework */,
				CFD68BF9D0604BA5EC6DABF9 /* Pods_Podtube_PodtubeUITests.framework */,
				7D0DCA08FAC9077E24D46CB0 /* Pods_PodtubeTests.framework */,
			);
			name = Frameworks;
			sourceTree = "<group>";
		};
		A4E549E13F576BEFB3F5FA98 /* Pods */ = {
			isa = PBXGroup;
			children = (
				9C5D5193C244399A8A4619AE /* Pods-Podtube.debug.xcconfig */,
				72AA7585E598BB19350F02AB /* Pods-Podtube.release.xcconfig */,
				077F147016831B453420A1AF /* Pods-Podtube-PodtubeUITests.debug.xcconfig */,
				05C5D2C06E08E41829B64B28 /* Pods-Podtube-PodtubeUITests.release.xcconfig */,
				EB11014529AD5351926EC54E /* Pods-PodtubeTests.debug.xcconfig */,
				BDDC77386051A4B5A8BCF4DE /* Pods-PodtubeTests.release.xcconfig */,
			);
			path = Pods;
			sourceTree = "<group>";
		};
		B838EEAD2522041F00159961 /* Models */ = {
			isa = PBXGroup;
			children = (
				B838EEAE2522043500159961 /* Podcast.swift */,
				B8527C1C25320200008E9B5F /* Episode.swift */,
			);
			path = Models;
			sourceTree = "<group>";
		};
		B838EEB32522046B00159961 /* Controllers */ = {
			isa = PBXGroup;
			children = (
				B838EEB42522049000159961 /* PodcastsSearchController.swift */,
				B87A640E252FF87A001917DD /* EpisodesController.swift */,
				B85F17C22560346F00A8A534 /* FavoritesController.swift */,
				B83EE56D25217CCE008ECA48 /* MainTabBarController.swift */,
				B8E837FC2570090D00BD8BA7 /* DownloadsController.swift */,
			);
			path = Controllers;
			sourceTree = "<group>";
		};
		B850F1AE252CBAEA00BED099 /* API */ = {
			isa = PBXGroup;
			children = (
				B850F1AF252CBB0600BED099 /* APIservice.swift */,
			);
			path = API;
			sourceTree = "<group>";
		};
		B8527C412534A668008E9B5F /* Extentions */ = {
			isa = PBXGroup;
			children = (
				B8527C422534A683008E9B5F /* String.swift */,
				B8527C472534A729008E9B5F /* RSSFeed.swift */,
				B8971AFC253B68EB0039C516 /* CMTime.swift */,
				B8B69F56254508AF001CBEF6 /* UIApplication.swift */,
				B8E837ED256F4EB500BD8BA7 /* UserDefaults.swift */,
			);
			path = Extentions;
			sourceTree = "<group>";
		};
		B8540E0C251F921000D1CDFE = {
			isa = PBXGroup;
			children = (
				B8540E17251F921000D1CDFE /* Podtube */,
				B8540E2E251F921100D1CDFE /* PodtubeTests */,
				B8540E39251F921100D1CDFE /* PodtubeUITests */,
				B8540E16251F921000D1CDFE /* Products */,
				A4E549E13F576BEFB3F5FA98 /* Pods */,
				61013AF26E8EC7F875CDDC57 /* Frameworks */,
			);
			sourceTree = "<group>";
		};
		B8540E16251F921000D1CDFE /* Products */ = {
			isa = PBXGroup;
			children = (
				B8540E15251F921000D1CDFE /* Podtube.app */,
				B8540E2B251F921100D1CDFE /* PodtubeTests.xctest */,
				B8540E36251F921100D1CDFE /* PodtubeUITests.xctest */,
			);
			name = Products;
			sourceTree = "<group>";
		};
		B8540E17251F921000D1CDFE /* Podtube */ = {
			isa = PBXGroup;
			children = (
				B8527C412534A668008E9B5F /* Extentions */,
				B856EC02252F494C00F08625 /* Views */,
				B850F1AE252CBAEA00BED099 /* API */,
				B838EEB32522046B00159961 /* Controllers */,
				B838EEAD2522041F00159961 /* Models */,
				B8540E18251F921000D1CDFE /* AppDelegate.swift */,
				B8540E1A251F921000D1CDFE /* SceneDelegate.swift */,
				B8540E1C251F921000D1CDFE /* ViewController.swift */,
				B8540E1E251F921000D1CDFE /* Main.storyboard */,
				B8540E21251F921100D1CDFE /* Assets.xcassets */,
				B8540E23251F921100D1CDFE /* LaunchScreen.storyboard */,
				B8540E26251F921100D1CDFE /* Info.plist */,
			);
			path = Podtube;
			sourceTree = "<group>";
		};
		B8540E2E251F921100D1CDFE /* PodtubeTests */ = {
			isa = PBXGroup;
			children = (
				B8540E2F251F921100D1CDFE /* PodtubeTests.swift */,
				B8540E31251F921100D1CDFE /* Info.plist */,
			);
			path = PodtubeTests;
			sourceTree = "<group>";
		};
		B8540E39251F921100D1CDFE /* PodtubeUITests */ = {
			isa = PBXGroup;
			children = (
				B8540E3A251F921100D1CDFE /* PodtubeUITests.swift */,
				B8540E3C251F921100D1CDFE /* Info.plist */,
			);
			path = PodtubeUITests;
			sourceTree = "<group>";
		};
		B856EC02252F494C00F08625 /* Views */ = {
			isa = PBXGroup;
			children = (
				B856EC03252F496600F08625 /* PodcastCell.xib */,
				B856EC08252F4C6D00F08625 /* PodcastCell.swift */,
				B8527C262532042F008E9B5F /* EpisodeCell.swift */,
				B8527C272532042F008E9B5F /* EpisodeCell.xib */,
				B8527C4C2534ABB4008E9B5F /* PlayersDetailsView.xib */,
				B8527C512534AF28008E9B5F /* PlayersDetailsview.swift */,
				B8B69F4C2544FB24001CBEF6 /* PlayerDetailsView+Gestures.swift */,
				B8E837D9256F0B5C00BD8BA7 /* FavoritePodcastCell.swift */,
			);
			path = Views;
			sourceTree = "<group>";
		};
/* End PBXGroup section */

/* Begin PBXNativeTarget section */
		B8540E14251F921000D1CDFE /* Podtube */ = {
			isa = PBXNativeTarget;
			buildConfigurationList = B8540E3F251F921100D1CDFE /* Build configuration list for PBXNativeTarget "Podtube" */;
			buildPhases = (
				7B5C75ED24934E5CA9E211B2 /* [CP] Check Pods Manifest.lock */,
				B8540E11251F921000D1CDFE /* Sources */,
				B8540E12251F921000D1CDFE /* Frameworks */,
				B8540E13251F921000D1CDFE /* Resources */,
				D03519EA65A958B12FD568B0 /* [CP] Embed Pods Frameworks */,
			);
			buildRules = (
			);
			dependencies = (
			);
			name = Podtube;
			productName = Podtube;
			productReference = B8540E15251F921000D1CDFE /* Podtube.app */;
			productType = "com.apple.product-type.application";
		};
		B8540E2A251F921100D1CDFE /* PodtubeTests */ = {
			isa = PBXNativeTarget;
			buildConfigurationList = B8540E42251F921100D1CDFE /* Build configuration list for PBXNativeTarget "PodtubeTests" */;
			buildPhases = (
				CCDB3C5926951891E2636346 /* [CP] Check Pods Manifest.lock */,
				B8540E27251F921100D1CDFE /* Sources */,
				B8540E28251F921100D1CDFE /* Frameworks */,
				B8540E29251F921100D1CDFE /* Resources */,
			);
			buildRules = (
			);
			dependencies = (
				B8540E2D251F921100D1CDFE /* PBXTargetDependency */,
			);
			name = PodtubeTests;
			productName = PodtubeTests;
			productReference = B8540E2B251F921100D1CDFE /* PodtubeTests.xctest */;
			productType = "com.apple.product-type.bundle.unit-test";
		};
		B8540E35251F921100D1CDFE /* PodtubeUITests */ = {
			isa = PBXNativeTarget;
			buildConfigurationList = B8540E45251F921100D1CDFE /* Build configuration list for PBXNativeTarget "PodtubeUITests" */;
			buildPhases = (
				443802DB77258BCDE97AB86B /* [CP] Check Pods Manifest.lock */,
				B8540E32251F921100D1CDFE /* Sources */,
				B8540E33251F921100D1CDFE /* Frameworks */,
				B8540E34251F921100D1CDFE /* Resources */,
				FC117F73A31022FB15EFC168 /* [CP] Embed Pods Frameworks */,
			);
			buildRules = (
			);
			dependencies = (
				B8540E38251F921100D1CDFE /* PBXTargetDependency */,
			);
			name = PodtubeUITests;
			productName = PodtubeUITests;
			productReference = B8540E36251F921100D1CDFE /* PodtubeUITests.xctest */;
			productType = "com.apple.product-type.bundle.ui-testing";
		};
/* End PBXNativeTarget section */

/* Begin PBXProject section */
		B8540E0D251F921000D1CDFE /* Project object */ = {
			isa = PBXProject;
			attributes = {
				LastSwiftUpdateCheck = 1200;
				LastUpgradeCheck = 1200;
				TargetAttributes = {
					B8540E14251F921000D1CDFE = {
						CreatedOnToolsVersion = 12.0;
					};
					B8540E2A251F921100D1CDFE = {
						CreatedOnToolsVersion = 12.0;
						TestTargetID = B8540E14251F921000D1CDFE;
					};
					B8540E35251F921100D1CDFE = {
						CreatedOnToolsVersion = 12.0;
						TestTargetID = B8540E14251F921000D1CDFE;
					};
				};
			};
			buildConfigurationList = B8540E10251F921000D1CDFE /* Build configuration list for PBXProject "Podtube" */;
			compatibilityVersion = "Xcode 9.3";
			developmentRegion = en;
			hasScannedForEncodings = 0;
			knownRegions = (
				en,
				Base,
			);
			mainGroup = B8540E0C251F921000D1CDFE;
			productRefGroup = B8540E16251F921000D1CDFE /* Products */;
			projectDirPath = "";
			projectRoot = "";
			targets = (
				B8540E14251F921000D1CDFE /* Podtube */,
				B8540E2A251F921100D1CDFE /* PodtubeTests */,
				B8540E35251F921100D1CDFE /* PodtubeUITests */,
			);
		};
/* End PBXProject section */

/* Begin PBXResourcesBuildPhase section */
		B8540E13251F921000D1CDFE /* Resources */ = {
			isa = PBXResourcesBuildPhase;
			buildActionMask = 2147483647;
			files = (
				B8527C4D2534ABB4008E9B5F /* PlayersDetailsView.xib in Resources */,
				B8540E25251F921100D1CDFE /* LaunchScreen.storyboard in Resources */,
				B8527C292532042F008E9B5F /* EpisodeCell.xib in Resources */,
				B8540E22251F921100D1CDFE /* Assets.xcassets in Resources */,
				B856EC04252F496600F08625 /* PodcastCell.xib in Resources */,
				B8540E20251F921000D1CDFE /* Main.storyboard in Resources */,
			);
			runOnlyForDeploymentPostprocessing = 0;
		};
		B8540E29251F921100D1CDFE /* Resources */ = {
			isa = PBXResourcesBuildPhase;
			buildActionMask = 2147483647;
			files = (
			);
			runOnlyForDeploymentPostprocessing = 0;
		};
		B8540E34251F921100D1CDFE /* Resources */ = {
			isa = PBXResourcesBuildPhase;
			buildActionMask = 2147483647;
			files = (
			);
			runOnlyForDeploymentPostprocessing = 0;
		};
/* End PBXResourcesBuildPhase section */

/* Begin PBXShellScriptBuildPhase section */
		443802DB77258BCDE97AB86B /* [CP] Check Pods Manifest.lock */ = {
			isa = PBXShellScriptBuildPhase;
			buildActionMask = 2147483647;
			files = (
			);
			inputFileListPaths = (
			);
			inputPaths = (
				"${PODS_PODFILE_DIR_PATH}/Podfile.lock",
				"${PODS_ROOT}/Manifest.lock",
			);
			name = "[CP] Check Pods Manifest.lock";
			outputFileListPaths = (
			);
			outputPaths = (
				"$(DERIVED_FILE_DIR)/Pods-Podtube-PodtubeUITests-checkManifestLockResult.txt",
			);
			runOnlyForDeploymentPostprocessing = 0;
			shellPath = /bin/sh;
			shellScript = "diff \"${PODS_PODFILE_DIR_PATH}/Podfile.lock\" \"${PODS_ROOT}/Manifest.lock\" > /dev/null\nif [ $? != 0 ] ; then\n    # print error to STDERR\n    echo \"error: The sandbox is not in sync with the Podfile.lock. Run 'pod install' or update your CocoaPods installation.\" >&2\n    exit 1\nfi\n# This output is used by Xcode 'outputs' to avoid re-running this script phase.\necho \"SUCCESS\" > \"${SCRIPT_OUTPUT_FILE_0}\"\n";
			showEnvVarsInLog = 0;
		};
		7B5C75ED24934E5CA9E211B2 /* [CP] Check Pods Manifest.lock */ = {
			isa = PBXShellScriptBuildPhase;
			buildActionMask = 2147483647;
			files = (
			);
			inputFileListPaths = (
			);
			inputPaths = (
				"${PODS_PODFILE_DIR_PATH}/Podfile.lock",
				"${PODS_ROOT}/Manifest.lock",
			);
			name = "[CP] Check Pods Manifest.lock";
			outputFileListPaths = (
			);
			outputPaths = (
				"$(DERIVED_FILE_DIR)/Pods-Podtube-checkManifestLockResult.txt",
			);
			runOnlyForDeploymentPostprocessing = 0;
			shellPath = /bin/sh;
			shellScript = "diff \"${PODS_PODFILE_DIR_PATH}/Podfile.lock\" \"${PODS_ROOT}/Manifest.lock\" > /dev/null\nif [ $? != 0 ] ; then\n    # print error to STDERR\n    echo \"error: The sandbox is not in sync with the Podfile.lock. Run 'pod install' or update your CocoaPods installation.\" >&2\n    exit 1\nfi\n# This output is used by Xcode 'outputs' to avoid re-running this script phase.\necho \"SUCCESS\" > \"${SCRIPT_OUTPUT_FILE_0}\"\n";
			showEnvVarsInLog = 0;
		};
		CCDB3C5926951891E2636346 /* [CP] Check Pods Manifest.lock */ = {
			isa = PBXShellScriptBuildPhase;
			buildActionMask = 2147483647;
			files = (
			);
			inputFileListPaths = (
			);
			inputPaths = (
				"${PODS_PODFILE_DIR_PATH}/Podfile.lock",
				"${PODS_ROOT}/Manifest.lock",
			);
			name = "[CP] Check Pods Manifest.lock";
			outputFileListPaths = (
			);
			outputPaths = (
				"$(DERIVED_FILE_DIR)/Pods-PodtubeTests-checkManifestLockResult.txt",
			);
			runOnlyForDeploymentPostprocessing = 0;
			shellPath = /bin/sh;
			shellScript = "diff \"${PODS_PODFILE_DIR_PATH}/Podfile.lock\" \"${PODS_ROOT}/Manifest.lock\" > /dev/null\nif [ $? != 0 ] ; then\n    # print error to STDERR\n    echo \"error: The sandbox is not in sync with the Podfile.lock. Run 'pod install' or update your CocoaPods installation.\" >&2\n    exit 1\nfi\n# This output is used by Xcode 'outputs' to avoid re-running this script phase.\necho \"SUCCESS\" > \"${SCRIPT_OUTPUT_FILE_0}\"\n";
			showEnvVarsInLog = 0;
		};
		D03519EA65A958B12FD568B0 /* [CP] Embed Pods Frameworks */ = {
			isa = PBXShellScriptBuildPhase;
			buildActionMask = 2147483647;
			files = (
			);
			inputFileListPaths = (
				"${PODS_ROOT}/Target Support Files/Pods-Podtube/Pods-Podtube-frameworks-${CONFIGURATION}-input-files.xcfilelist",
			);
			name = "[CP] Embed Pods Frameworks";
			outputFileListPaths = (
				"${PODS_ROOT}/Target Support Files/Pods-Podtube/Pods-Podtube-frameworks-${CONFIGURATION}-output-files.xcfilelist",
			);
			runOnlyForDeploymentPostprocessing = 0;
			shellPath = /bin/sh;
			shellScript = "\"${PODS_ROOT}/Target Support Files/Pods-Podtube/Pods-Podtube-frameworks.sh\"\n";
			showEnvVarsInLog = 0;
		};
		FC117F73A31022FB15EFC168 /* [CP] Embed Pods Frameworks */ = {
			isa = PBXShellScriptBuildPhase;
			buildActionMask = 2147483647;
			files = (
			);
			inputFileListPaths = (
				"${PODS_ROOT}/Target Support Files/Pods-Podtube-PodtubeUITests/Pods-Podtube-PodtubeUITests-frameworks-${CONFIGURATION}-input-files.xcfilelist",
			);
			name = "[CP] Embed Pods Frameworks";
			outputFileListPaths = (
				"${PODS_ROOT}/Target Support Files/Pods-Podtube-PodtubeUITests/Pods-Podtube-PodtubeUITests-frameworks-${CONFIGURATION}-output-files.xcfilelist",
			);
			runOnlyForDeploymentPostprocessing = 0;
			shellPath = /bin/sh;
			shellScript = "\"${PODS_ROOT}/Target Support Files/Pods-Podtube-PodtubeUITests/Pods-Podtube-PodtubeUITests-frameworks.sh\"\n";
			showEnvVarsInLog = 0;
		};
/* End PBXShellScriptBuildPhase section */

/* Begin PBXSourcesBuildPhase section */
		B8540E11251F921000D1CDFE /* Sources */ = {
			isa = PBXSourcesBuildPhase;
			buildActionMask = 2147483647;
			files = (
				B8527C482534A729008E9B5F /* RSSFeed.swift in Sources */,
				B8540E1D251F921000D1CDFE /* ViewController.swift in Sources */,
				B8540E19251F921000D1CDFE /* AppDelegate.swift in Sources */,
				B856EC09252F4C6D00F08625 /* PodcastCell.swift in Sources */,
				B8527C1D25320200008E9B5F /* Episode.swift in Sources */,
				B8E837DA256F0B5C00BD8BA7 /* FavoritePodcastCell.swift in Sources */,
				B838EEB52522049000159961 /* PodcastsSearchController.swift in Sources */,
				B83EE56E25217CCE008ECA48 /* MainTabBarController.swift in Sources */,
				B8527C432534A683008E9B5F /* String.swift in Sources */,
				B8527C522534AF28008E9B5F /* PlayersDetailsview.swift in Sources */,
				B8527C282532042F008E9B5F /* EpisodeCell.swift in Sources */,
				B8540E1B251F921000D1CDFE /* SceneDelegate.swift in Sources */,
				B85F17C32560346F00A8A534 /* FavoritesController.swift in Sources */,
				B8B69F57254508AF001CBEF6 /* UIApplication.swift in Sources */,
				B850F1B0252CBB0600BED099 /* APIservice.swift in Sources */,
				B8B69F4D2544FB24001CBEF6 /* PlayerDetailsView+Gestures.swift in Sources */,
				B8E837EE256F4EB500BD8BA7 /* UserDefaults.swift in Sources */,
				B838EEAF2522043500159961 /* Podcast.swift in Sources */,
				B8E837FD2570090D00BD8BA7 /* DownloadsController.swift in Sources */,
				B8971AFD253B68EB0039C516 /* CMTime.swift in Sources */,
				B87A640F252FF87A001917DD /* EpisodesController.swift in Sources */,
			);
			runOnlyForDeploymentPostprocessing = 0;
		};
		B8540E27251F921100D1CDFE /* Sources */ = {
			isa = PBXSourcesBuildPhase;
			buildActionMask = 2147483647;
			files = (
				B8540E30251F921100D1CDFE /* PodtubeTests.swift in Sources */,
			);
			runOnlyForDeploymentPostprocessing = 0;
		};
		B8540E32251F921100D1CDFE /* Sources */ = {
			isa = PBXSourcesBuildPhase;
			buildActionMask = 2147483647;
			files = (
				B8540E3B251F921100D1CDFE /* PodtubeUITests.swift in Sources */,
			);
			runOnlyForDeploymentPostprocessing = 0;
		};
/* End PBXSourcesBuildPhase section */

/* Begin PBXTargetDependency section */
		B8540E2D251F921100D1CDFE /* PBXTargetDependency */ = {
			isa = PBXTargetDependency;
			target = B8540E14251F921000D1CDFE /* Podtube */;
			targetProxy = B8540E2C251F921100D1CDFE /* PBXContainerItemProxy */;
		};
		B8540E38251F921100D1CDFE /* PBXTargetDependency */ = {
			isa = PBXTargetDependency;
			target = B8540E14251F921000D1CDFE /* Podtube */;
			targetProxy = B8540E37251F921100D1CDFE /* PBXContainerItemProxy */;
		};
/* End PBXTargetDependency section */

/* Begin PBXVariantGroup section */
		B8540E1E251F921000D1CDFE /* Main.storyboard */ = {
			isa = PBXVariantGroup;
			children = (
				B8540E1F251F921000D1CDFE /* Base */,
			);
			name = Main.storyboard;
			sourceTree = "<group>";
		};
		B8540E23251F921100D1CDFE /* LaunchScreen.storyboard */ = {
			isa = PBXVariantGroup;
			children = (
				B8540E24251F921100D1CDFE /* Base */,
			);
			name = LaunchScreen.storyboard;
			sourceTree = "<group>";
		};
/* End PBXVariantGroup section */

/* Begin XCBuildConfiguration section */
		B8540E3D251F921100D1CDFE /* Debug */ = {
			isa = XCBuildConfiguration;
			buildSettings = {
				ALWAYS_SEARCH_USER_PATHS = NO;
				CLANG_ANALYZER_NONNULL = YES;
				CLANG_ANALYZER_NUMBER_OBJECT_CONVERSION = YES_AGGRESSIVE;
				CLANG_CXX_LANGUAGE_STANDARD = "gnu++14";
				CLANG_CXX_LIBRARY = "libc++";
				CLANG_ENABLE_MODULES = YES;
				CLANG_ENABLE_OBJC_ARC = YES;
				CLANG_ENABLE_OBJC_WEAK = YES;
				CLANG_WARN_BLOCK_CAPTURE_AUTORELEASING = YES;
				CLANG_WARN_BOOL_CONVERSION = YES;
				CLANG_WARN_COMMA = YES;
				CLANG_WARN_CONSTANT_CONVERSION = YES;
				CLANG_WARN_DEPRECATED_OBJC_IMPLEMENTATIONS = YES;
				CLANG_WARN_DIRECT_OBJC_ISA_USAGE = YES_ERROR;
				CLANG_WARN_DOCUMENTATION_COMMENTS = YES;
				CLANG_WARN_EMPTY_BODY = YES;
				CLANG_WARN_ENUM_CONVERSION = YES;
				CLANG_WARN_INFINITE_RECURSION = YES;
				CLANG_WARN_INT_CONVERSION = YES;
				CLANG_WARN_NON_LITERAL_NULL_CONVERSION = YES;
				CLANG_WARN_OBJC_IMPLICIT_RETAIN_SELF = YES;
				CLANG_WARN_OBJC_LITERAL_CONVERSION = YES;
				CLANG_WARN_OBJC_ROOT_CLASS = YES_ERROR;
				CLANG_WARN_QUOTED_INCLUDE_IN_FRAMEWORK_HEADER = YES;
				CLANG_WARN_RANGE_LOOP_ANALYSIS = YES;
				CLANG_WARN_STRICT_PROTOTYPES = YES;
				CLANG_WARN_SUSPICIOUS_MOVE = YES;
				CLANG_WARN_UNGUARDED_AVAILABILITY = YES_AGGRESSIVE;
				CLANG_WARN_UNREACHABLE_CODE = YES;
				CLANG_WARN__DUPLICATE_METHOD_MATCH = YES;
				COPY_PHASE_STRIP = NO;
				DEBUG_INFORMATION_FORMAT = dwarf;
				ENABLE_STRICT_OBJC_MSGSEND = YES;
				ENABLE_TESTABILITY = YES;
				GCC_C_LANGUAGE_STANDARD = gnu11;
				GCC_DYNAMIC_NO_PIC = NO;
				GCC_NO_COMMON_BLOCKS = YES;
				GCC_OPTIMIZATION_LEVEL = 0;
				GCC_PREPROCESSOR_DEFINITIONS = (
					"DEBUG=1",
					"$(inherited)",
				);
				GCC_WARN_64_TO_32_BIT_CONVERSION = YES;
				GCC_WARN_ABOUT_RETURN_TYPE = YES_ERROR;
				GCC_WARN_UNDECLARED_SELECTOR = YES;
				GCC_WARN_UNINITIALIZED_AUTOS = YES_AGGRESSIVE;
				GCC_WARN_UNUSED_FUNCTION = YES;
				GCC_WARN_UNUSED_VARIABLE = YES;
				IPHONEOS_DEPLOYMENT_TARGET = 14.0;
				MTL_ENABLE_DEBUG_INFO = INCLUDE_SOURCE;
				MTL_FAST_MATH = YES;
				ONLY_ACTIVE_ARCH = YES;
				SDKROOT = iphoneos;
				SWIFT_ACTIVE_COMPILATION_CONDITIONS = DEBUG;
				SWIFT_OPTIMIZATION_LEVEL = "-Onone";
			};
			name = Debug;
		};
		B8540E3E251F921100D1CDFE /* Release */ = {
			isa = XCBuildConfiguration;
			buildSettings = {
				ALWAYS_SEARCH_USER_PATHS = NO;
				CLANG_ANALYZER_NONNULL = YES;
				CLANG_ANALYZER_NUMBER_OBJECT_CONVERSION = YES_AGGRESSIVE;
				CLANG_CXX_LANGUAGE_STANDARD = "gnu++14";
				CLANG_CXX_LIBRARY = "libc++";
				CLANG_ENABLE_MODULES = YES;
				CLANG_ENABLE_OBJC_ARC = YES;
				CLANG_ENABLE_OBJC_WEAK = YES;
				CLANG_WARN_BLOCK_CAPTURE_AUTORELEASING = YES;
				CLANG_WARN_BOOL_CONVERSION = YES;
				CLANG_WARN_COMMA = YES;
				CLANG_WARN_CONSTANT_CONVERSION = YES;
				CLANG_WARN_DEPRECATED_OBJC_IMPLEMENTATIONS = YES;
				CLANG_WARN_DIRECT_OBJC_ISA_USAGE = YES_ERROR;
				CLANG_WARN_DOCUMENTATION_COMMENTS = YES;
				CLANG_WARN_EMPTY_BODY = YES;
				CLANG_WARN_ENUM_CONVERSION = YES;
				CLANG_WARN_INFINITE_RECURSION = YES;
				CLANG_WARN_INT_CONVERSION = YES;
				CLANG_WARN_NON_LITERAL_NULL_CONVERSION = YES;
				CLANG_WARN_OBJC_IMPLICIT_RETAIN_SELF = YES;
				CLANG_WARN_OBJC_LITERAL_CONVERSION = YES;
				CLANG_WARN_OBJC_ROOT_CLASS = YES_ERROR;
				CLANG_WARN_QUOTED_INCLUDE_IN_FRAMEWORK_HEADER = YES;
				CLANG_WARN_RANGE_LOOP_ANALYSIS = YES;
				CLANG_WARN_STRICT_PROTOTYPES = YES;
				CLANG_WARN_SUSPICIOUS_MOVE = YES;
				CLANG_WARN_UNGUARDED_AVAILABILITY = YES_AGGRESSIVE;
				CLANG_WARN_UNREACHABLE_CODE = YES;
				CLANG_WARN__DUPLICATE_METHOD_MATCH = YES;
				COPY_PHASE_STRIP = NO;
				DEBUG_INFORMATION_FORMAT = "dwarf-with-dsym";
				ENABLE_NS_ASSERTIONS = NO;
				ENABLE_STRICT_OBJC_MSGSEND = YES;
				GCC_C_LANGUAGE_STANDARD = gnu11;
				GCC_NO_COMMON_BLOCKS = YES;
				GCC_WARN_64_TO_32_BIT_CONVERSION = YES;
				GCC_WARN_ABOUT_RETURN_TYPE = YES_ERROR;
				GCC_WARN_UNDECLARED_SELECTOR = YES;
				GCC_WARN_UNINITIALIZED_AUTOS = YES_AGGRESSIVE;
				GCC_WARN_UNUSED_FUNCTION = YES;
				GCC_WARN_UNUSED_VARIABLE = YES;
				IPHONEOS_DEPLOYMENT_TARGET = 14.0;
				MTL_ENABLE_DEBUG_INFO = NO;
				MTL_FAST_MATH = YES;
				SDKROOT = iphoneos;
				SWIFT_COMPILATION_MODE = wholemodule;
				SWIFT_OPTIMIZATION_LEVEL = "-O";
				VALIDATE_PRODUCT = YES;
			};
			name = Release;
		};
		B8540E40251F921100D1CDFE /* Debug */ = {
			isa = XCBuildConfiguration;
			baseConfigurationReference = 9C5D5193C244399A8A4619AE /* Pods-Podtube.debug.xcconfig */;
			buildSettings = {
				ASSETCATALOG_COMPILER_APPICON_NAME = AppIcon;
				ASSETCATALOG_COMPILER_GLOBAL_ACCENT_COLOR_NAME = AccentColor;
				CODE_SIGN_STYLE = Automatic;
				DEVELOPMENT_TEAM = 5AF43YTFD9;
				INFOPLIST_FILE = Podtube/Info.plist;
				LD_RUNPATH_SEARCH_PATHS = (
					"$(inherited)",
					"@executable_path/Frameworks",
				);
				PRODUCT_BUNDLE_IDENTIFIER = com.coreyburgin.Podtube;
				PRODUCT_NAME = "$(TARGET_NAME)";
				SWIFT_VERSION = 5.0;
				TARGETED_DEVICE_FAMILY = "1,2";
			};
			name = Debug;
		};
		B8540E41251F921100D1CDFE /* Release */ = {
			isa = XCBuildConfiguration;
			baseConfigurationReference = 72AA7585E598BB19350F02AB /* Pods-Podtube.release.xcconfig */;
			buildSettings = {
				ASSETCATALOG_COMPILER_APPICON_NAME = AppIcon;
				ASSETCATALOG_COMPILER_GLOBAL_ACCENT_COLOR_NAME = AccentColor;
				CODE_SIGN_STYLE = Automatic;
				DEVELOPMENT_TEAM = 5AF43YTFD9;
				INFOPLIST_FILE = Podtube/Info.plist;
				LD_RUNPATH_SEARCH_PATHS = (
					"$(inherited)",
					"@executable_path/Frameworks",
				);
				PRODUCT_BUNDLE_IDENTIFIER = com.coreyburgin.Podtube;
				PRODUCT_NAME = "$(TARGET_NAME)";
				SWIFT_VERSION = 5.0;
				TARGETED_DEVICE_FAMILY = "1,2";
			};
			name = Release;
		};
		B8540E43251F921100D1CDFE /* Debug */ = {
			isa = XCBuildConfiguration;
			baseConfigurationReference = EB11014529AD5351926EC54E /* Pods-PodtubeTests.debug.xcconfig */;
			buildSettings = {
				ALWAYS_EMBED_SWIFT_STANDARD_LIBRARIES = YES;
				BUNDLE_LOADER = "$(TEST_HOST)";
				CODE_SIGN_STYLE = Automatic;
				DEVELOPMENT_TEAM = 5AF43YTFD9;
				INFOPLIST_FILE = PodtubeTests/Info.plist;
				IPHONEOS_DEPLOYMENT_TARGET = 14.0;
				LD_RUNPATH_SEARCH_PATHS = (
					"$(inherited)",
					"@executable_path/Frameworks",
					"@loader_path/Frameworks",
				);
				PRODUCT_BUNDLE_IDENTIFIER = com.coreyburgin.PodtubeTests;
				PRODUCT_NAME = "$(TARGET_NAME)";
				SWIFT_VERSION = 5.0;
				TARGETED_DEVICE_FAMILY = "1,2";
				TEST_HOST = "$(BUILT_PRODUCTS_DIR)/Podtube.app/Podtube";
			};
			name = Debug;
		};
		B8540E44251F921100D1CDFE /* Release */ = {
			isa = XCBuildConfiguration;
			baseConfigurationReference = BDDC77386051A4B5A8BCF4DE /* Pods-PodtubeTests.release.xcconfig */;
			buildSettings = {
				ALWAYS_EMBED_SWIFT_STANDARD_LIBRARIES = YES;
				BUNDLE_LOADER = "$(TEST_HOST)";
				CODE_SIGN_STYLE = Automatic;
				DEVELOPMENT_TEAM = 5AF43YTFD9;
				INFOPLIST_FILE = PodtubeTests/Info.plist;
				IPHONEOS_DEPLOYMENT_TARGET = 14.0;
				LD_RUNPATH_SEARCH_PATHS = (
					"$(inherited)",
					"@executable_path/Frameworks",
					"@loader_path/Frameworks",
				);
				PRODUCT_BUNDLE_IDENTIFIER = com.coreyburgin.PodtubeTests;
				PRODUCT_NAME = "$(TARGET_NAME)";
				SWIFT_VERSION = 5.0;
				TARGETED_DEVICE_FAMILY = "1,2";
				TEST_HOST = "$(BUILT_PRODUCTS_DIR)/Podtube.app/Podtube";
			};
			name = Release;
		};
		B8540E46251F921100D1CDFE /* Debug */ = {
			isa = XCBuildConfiguration;
			baseConfigurationReference = 077F147016831B453420A1AF /* Pods-Podtube-PodtubeUITests.debug.xcconfig */;
			buildSettings = {
				ALWAYS_EMBED_SWIFT_STANDARD_LIBRARIES = YES;
				CODE_SIGN_STYLE = Automatic;
				DEVELOPMENT_TEAM = 5AF43YTFD9;
				INFOPLIST_FILE = PodtubeUITests/Info.plist;
				LD_RUNPATH_SEARCH_PATHS = (
					"$(inherited)",
					"@executable_path/Frameworks",
					"@loader_path/Frameworks",
				);
				PRODUCT_BUNDLE_IDENTIFIER = com.coreyburgin.PodtubeUITests;
				PRODUCT_NAME = "$(TARGET_NAME)";
				SWIFT_VERSION = 5.0;
				TARGETED_DEVICE_FAMILY = "1,2";
				TEST_TARGET_NAME = Podtube;
			};
			name = Debug;
		};
		B8540E47251F921100D1CDFE /* Release */ = {
			isa = XCBuildConfiguration;
			baseConfigurationReference = 05C5D2C06E08E41829B64B28 /* Pods-Podtube-PodtubeUITests.release.xcconfig */;
			buildSettings = {
				ALWAYS_EMBED_SWIFT_STANDARD_LIBRARIES = YES;
				CODE_SIGN_STYLE = Automatic;
				DEVELOPMENT_TEAM = 5AF43YTFD9;
				INFOPLIST_FILE = PodtubeUITests/Info.plist;
				LD_RUNPATH_SEARCH_PATHS = (
					"$(inherited)",
					"@executable_path/Frameworks",
					"@loader_path/Frameworks",
				);
				PRODUCT_BUNDLE_IDENTIFIER = com.coreyburgin.PodtubeUITests;
				PRODUCT_NAME = "$(TARGET_NAME)";
				SWIFT_VERSION = 5.0;
				TARGETED_DEVICE_FAMILY = "1,2";
				TEST_TARGET_NAME = Podtube;
			};
			name = Release;
		};
/* End XCBuildConfiguration section */

/* Begin XCConfigurationList section */
		B8540E10251F921000D1CDFE /* Build configuration list for PBXProject "Podtube" */ = {
			isa = XCConfigurationList;
			buildConfigurations = (
				B8540E3D251F921100D1CDFE /* Debug */,
				B8540E3E251F921100D1CDFE /* Release */,
			);
			defaultConfigurationIsVisible = 0;
			defaultConfigurationName = Release;
		};
		B8540E3F251F921100D1CDFE /* Build configuration list for PBXNativeTarget "Podtube" */ = {
			isa = XCConfigurationList;
			buildConfigurations = (
				B8540E40251F921100D1CDFE /* Debug */,
				B8540E41251F921100D1CDFE /* Release */,
			);
			defaultConfigurationIsVisible = 0;
			defaultConfigurationName = Release;
		};
		B8540E42251F921100D1CDFE /* Build configuration list for PBXNativeTarget "PodtubeTests" */ = {
			isa = XCConfigurationList;
			buildConfigurations = (
				B8540E43251F921100D1CDFE /* Debug */,
				B8540E44251F921100D1CDFE /* Release */,
			);
			defaultConfigurationIsVisible = 0;
			defaultConfigurationName = Release;
		};
		B8540E45251F921100D1CDFE /* Build configuration list for PBXNativeTarget "PodtubeUITests" */ = {
			isa = XCConfigurationList;
			buildConfigurations = (
				B8540E46251F921100D1CDFE /* Debug */,
				B8540E47251F921100D1CDFE /* Release */,
			);
			defaultConfigurationIsVisible = 0;
			defaultConfigurationName = Release;
		};
/* End XCConfigurationList section */
	};
	rootObject = B8540E0D251F921000D1CDFE /* Project object */;
}
